dependencies:
- name: ingress-nginx
  repository: https://kubernetes.github.io/ingress-nginx
  version: 4.12.1
- name: mongodb
  repository: file://charts/mongodb
  version: 0.1.0
- name: redis
  repository: file://charts/redis
  version: 0.1.0
- name: orders
  repository: file://charts/orders
  version: 0.1.0
- name: delivery
  repository: file://charts/delivery
  version: 0.1.0
- name: frontend
  repository: file://charts/frontend
  version: 0.1.0
- name: simulator
  repository: file://charts/simulator
  version: 0.1.0
- name: notifications
  repository: file://charts/notifications
  version: 0.1.0
- name: kube-prometheus-stack
  repository: https://prometheus-community.github.io/helm-charts
  version: 69.8.2
- name: loki
  repository: https://grafana.github.io/helm-charts
  version: 6.28.0
- name: promtail
  repository: https://grafana.github.io/helm-charts
  version: 6.16.6
digest: sha256:4fe1636795f5f08ed9cc02b88b5b434c170422397ebe3ef11177ae781919b982
generated: "2026-03-16T21:34:59.42489+01:00"
