dependencies:
- name: ingress-nginx
  repository: https://kubernetes.github.io/ingress-nginx
  version: 4.12.1
- name: mongodb
  repository: file://charts/mongodb
  version: 0.1.0
- name: redis
  repository: file://charts/redis
  version: 0.1.0
- name: orders
  repository: file://charts/orders
  version: 0.1.0
- name: delivery
  repository: file://charts/delivery
  version: 0.1.0
- name: frontend
  repository: file://charts/frontend
  version: 0.1.0
- name: simulator
  repository: file://charts/simulator
  version: 0.1.0
- name: notifications
  repository: file://charts/notifications
  version: 0.1.0
digest: sha256:cbd908b21e9b06f772b6056ebe28b31c296d77684dcf5b84a18504d6023006d1
generated: "2025-04-21T18:01:33.096097+02:00"
